// !$*UTF8*$!
{
	archiveVersion = 1;
	classes = {
	};
	objectVersion = 56;
	objects = {

/* Begin PBXBuildFile section */
		8F1F34F72E3673B50094FB14 /* Assets.xcassets in Resources */ = {isa = PBXBuildFile; fileRef = 8F1F34F62E3673B50094FB14 /* Assets.xcassets */; };
		8F1F35072E3674250094FB14 /* SDL2.framework in Frameworks */ = {isa = PBXBuildFile; fileRef = 8F1F35042E3674250094FB14 /* SDL2.framework */; };
		8F1F35082E3674250094FB14 /* SDL2.framework in Embed Frameworks */ = {isa = PBXBuildFile; fileRef = 8F1F35042E3674250094FB14 /* SDL2.framework */; settings = {ATTRIBUTES = (CodeSignOnCopy, RemoveHeadersOnCopy, ); }; };
		8F1F35092E3674250094FB14 /* SDL2_image.framework in Frameworks */ = {isa = PBXBuildFile; fileRef = 8F1F35052E3674250094FB14 /* SDL2_image.framework */; };
		8F1F350A2E3674250094FB14 /* SDL2_image.framework in Embed Frameworks */ = {isa = PBXBuildFile; fileRef = 8F1F35052E3674250094FB14 /* SDL2_image.framework */; settings = {ATTRIBUTES = (CodeSignOnCopy, RemoveHeadersOnCopy, ); }; };
		8F1F350B2E3674250094FB14 /* SDL2_ttf.framework in Frameworks */ = {isa = PBXBuildFile; fileRef = 8F1F35062E3674250094FB14 /* SDL2_ttf.framework */; };
		8F1F350C2E3674250094FB14 /* SDL2_ttf.framework in Embed Frameworks */ = {isa = PBXBuildFile; fileRef = 8F1F35062E3674250094FB14 /* SDL2_ttf.framework */; settings = {ATTRIBUTES = (CodeSignOnCopy, RemoveHeadersOnCopy, ); }; };
		8F1F350F2E3674340094FB14 /* SDL2_mixer.framework in Frameworks */ = {isa = PBXBuildFile; fileRef = 8F1F350E2E3674340094FB14 /* SDL2_mixer.framework */; };
		8F1F35102E3674340094FB14 /* SDL2_mixer.framework in Embed Frameworks */ = {isa = PBXBuildFile; fileRef = 8F1F350E2E3674340094FB14 /* SDL2_mixer.framework */; settings = {ATTRIBUTES = (CodeSignOnCopy, RemoveHeadersOnCopy, ); }; };
		8F1F35122E3674640094FB14 /* main.cpp in Sources */ = {isa = PBXBuildFile; fileRef = 8F1F35112E3674640094FB14 /* main.cpp */; };
		8F1F35162E3674B20094FB14 /* SdlManager.cpp in Sources */ = {isa = PBXBuildFile; fileRef = 8F1F35142E3674B20094FB14 /* SdlManager.cpp */; };
		8F1F351A2E3676320094FB14 /* GameObject.cpp in Sources */ = {isa = PBXBuildFile; fileRef = 8F1F35182E3676320094FB14 /* GameObject.cpp */; };
		8FFEDF6F2E492B660019E581 /* Tetromino_J1_3.png in Resources */ = {isa = PBXBuildFile; fileRef = 8FFEDF3B2E492B650019E581 /* Tetromino_J1_3.png */; };
		8FFEDF702E492B660019E581 /* Tetromino_J2_1.png in Resources */ = {isa = PBXBuildFile; fileRef = 8FFEDF3C2E492B650019E581 /* Tetromino_J2_1.png */; };
		8FFEDF712E492B660019E581 /* Tetromino_J2_3.png in Resources */ = {isa = PBXBuildFile; fileRef = 8FFEDF3D2E492B650019E581 /* Tetromino_J2_3.png */; };
		8FFEDF722E492B660019E581 /* Tetromino_O1_1.png in Resources */ = {isa = PBXBuildFile; fileRef = 8FFEDF3E2E492B650019E581 /* Tetromino_O1_1.png */; };
		8FFEDF732E492B660019E581 /* Tetromino_block2_2.png in Resources */ = {isa = PBXBuildFile; fileRef = 8FFEDF3F2E492B650019E581 /* Tetromino_block2_2.png */; };
		8FFEDF742E492B660019E581 /* Tetromino_J1_2.png in Resources */ = {isa = PBXBuildFile; fileRef = 8FFEDF402E492B650019E581 /* Tetromino_J1_2.png */; };
		8FFEDF752E492B660019E581 /* Tetromino_block2_6.png in Resources */ = {isa = PBXBuildFile; fileRef = 8FFEDF412E492B650019E581 /* Tetromino_block2_6.png */; };
		8FFEDF762E492B660019E581 /* Tetromino_I2_1.png in Resources */ = {isa = PBXBuildFile; fileRef = 8FFEDF422E492B650019E581 /* Tetromino_I2_1.png */; };
		8FFEDF772E492B660019E581 /* Tetromino_block1_2.png in Resources */ = {isa = PBXBuildFile; fileRef = 8FFEDF432E492B650019E581 /* Tetromino_block1_2.png */; };
		8FFEDF782E492B660019E581 /* Tetromino_block2_4.png in Resources */ = {isa = PBXBuildFile; fileRef = 8FFEDF442E492B650019E581 /* Tetromino_block2_4.png */; };
		8FFEDF792E492B660019E581 /* Tetromino_T1_3.png in Resources */ = {isa = PBXBuildFile; fileRef = 8FFEDF452E492B650019E581 /* Tetromino_T1_3.png */; };
		8FFEDF7A2E492B660019E581 /* Tetromino_L2_3.png in Resources */ = {isa = PBXBuildFile; fileRef = 8FFEDF462E492B650019E581 /* Tetromino_L2_3.png */; };
		8FFEDF7B2E492B660019E581 /* Tetromino_J1_1.png in Resources */ = {isa = PBXBuildFile; fileRef = 8FFEDF472E492B650019E581 /* Tetromino_J1_1.png */; };
		8FFEDF7C2E492B660019E581 /* Tetromino_T1_1.png in Resources */ = {isa = PBXBuildFile; fileRef = 8FFEDF482E492B650019E581 /* Tetromino_T1_1.png */; };
		8FFEDF7D2E492B660019E581 /* Tetromino_block1_3.png in Resources */ = {isa = PBXBuildFile; fileRef = 8FFEDF492E492B650019E581 /* Tetromino_block1_3.png */; };
		8FFEDF7E2E492B660019E581 /* Tetromino_L1_1.png in Resources */ = {isa = PBXBuildFile; fileRef = 8FFEDF4A2E492B650019E581 /* Tetromino_L1_1.png */; };
		8FFEDF7F2E492B660019E581 /* Tetromino_L2_2.png in Resources */ = {isa = PBXBuildFile; fileRef = 8FFEDF4B2E492B650019E581 /* Tetromino_L2_2.png */; };
		8FFEDF802E492B660019E581 /* Tetromino_Z2_1.png in Resources */ = {isa = PBXBuildFile; fileRef = 8FFEDF4C2E492B650019E581 /* Tetromino_Z2_1.png */; };
		8FFEDF812E492B660019E581 /* Tetromino_L1_4.png in Resources */ = {isa = PBXBuildFile; fileRef = 8FFEDF4D2E492B650019E581 /* Tetromino_L1_4.png */; };
		8FFEDF822E492B660019E581 /* Tetromino_T2_1.png in Resources */ = {isa = PBXBuildFile; fileRef = 8FFEDF4E2E492B650019E581 /* Tetromino_T2_1.png */; };
		8FFEDF832E492B660019E581 /* Tetromino_block2_3.png in Resources */ = {isa = PBXBuildFile; fileRef = 8FFEDF4F2E492B650019E581 /* Tetromino_block2_3.png */; };
		8FFEDF842E492B660019E581 /* Tetromino_S2_2.png in Resources */ = {isa = PBXBuildFile; fileRef = 8FFEDF502E492B650019E581 /* Tetromino_S2_2.png */; };
		8FFEDF852E492B660019E581 /* Tetromino_I1_1.png in Resources */ = {isa = PBXBuildFile; fileRef = 8FFEDF512E492B650019E581 /* Tetromino_I1_1.png */; };
		8FFEDF862E492B660019E581 /* Tetromino_S1_1.png in Resources */ = {isa = PBXBuildFile; fileRef = 8FFEDF522E492B650019E581 /* Tetromino_S1_1.png */; };
		8FFEDF872E492B660019E581 /* Tetromino_T1_4.png in Resources */ = {isa = PBXBuildFile; fileRef = 8FFEDF532E492B650019E581 /* Tetromino_T1_4.png */; };
		8FFEDF882E492B660019E581 /* Tetromino_L2_1.png in Resources */ = {isa = PBXBuildFile; fileRef = 8FFEDF542E492B650019E581 /* Tetromino_L2_1.png */; };
		8FFEDF892E492B660019E581 /* Tetromino_Z1_2.png in Resources */ = {isa = PBXBuildFile; fileRef = 8FFEDF552E492B650019E581 /* Tetromino_Z1_2.png */; };
		8FFEDF8A2E492B660019E581 /* Tetromino_T2_2.png in Resources */ = {isa = PBXBuildFile; fileRef = 8FFEDF562E492B650019E581 /* Tetromino_T2_2.png */; };
		8FFEDF8B2E492B660019E581 /* Tetromino_J1_4.png in Resources */ = {isa = PBXBuildFile; fileRef = 8FFEDF572E492B650019E581 /* Tetromino_J1_4.png */; };
		8FFEDF8C2E492B660019E581 /* Tetromino_L2_4.png in Resources */ = {isa = PBXBuildFile; fileRef = 8FFEDF582E492B650019E581 /* Tetromino_L2_4.png */; };
		8FFEDF8D2E492B660019E581 /* Tetromino_S2_1.png in Resources */ = {isa = PBXBuildFile; fileRef = 8FFEDF592E492B650019E581 /* Tetromino_S2_1.png */; };
		8FFEDF8E2E492B660019E581 /* Tetromino_T1_2.png in Resources */ = {isa = PBXBuildFile; fileRef = 8FFEDF5A2E492B650019E581 /* Tetromino_T1_2.png */; };
		8FFEDF8F2E492B660019E581 /* Tetromino_I2_2.png in Resources */ = {isa = PBXBuildFile; fileRef = 8FFEDF5B2E492B650019E581 /* Tetromino_I2_2.png */; };
		8FFEDF902E492B660019E581 /* Tetromino_J2_4.png in Resources */ = {isa = PBXBuildFile; fileRef = 8FFEDF5C2E492B660019E581 /* Tetromino_J2_4.png */; };
		8FFEDF912E492B660019E581 /* Tetromino_S1_2.png in Resources */ = {isa = PBXBuildFile; fileRef = 8FFEDF5D2E492B660019E581 /* Tetromino_S1_2.png */; };
		8FFEDF922E492B660019E581 /* Tetromino_I1_2.png in Resources */ = {isa = PBXBuildFile; fileRef = 8FFEDF5E2E492B660019E581 /* Tetromino_I1_2.png */; };
		8FFEDF932E492B660019E581 /* Tetromino_block1_4.png in Resources */ = {isa = PBXBuildFile; fileRef = 8FFEDF5F2E492B660019E581 /* Tetromino_block1_4.png */; };
		8FFEDF942E492B660019E581 /* Tetromino_T2_4.png in Resources */ = {isa = PBXBuildFile; fileRef = 8FFEDF602E492B660019E581 /* Tetromino_T2_4.png */; };
		8FFEDF952E492B660019E581 /* Tetromino_Z1_1.png in Resources */ = {isa = PBXBuildFile; fileRef = 8FFEDF612E492B660019E581 /* Tetromino_Z1_1.png */; };
		8FFEDF962E492B660019E581 /* Tetromino_O1_2.png in Resources */ = {isa = PBXBuildFile; fileRef = 8FFEDF622E492B660019E581 /* Tetromino_O1_2.png */; };
		8FFEDF972E492B660019E581 /* Tetromino_block1_1.png in Resources */ = {isa = PBXBuildFile; fileRef = 8FFEDF632E492B660019E581 /* Tetromino_block1_1.png */; };
		8FFEDF982E492B660019E581 /* Tetromino_L1_3.png in Resources */ = {isa = PBXBuildFile; fileRef = 8FFEDF642E492B660019E581 /* Tetromino_L1_3.png */; };
		8FFEDF992E492B660019E581 /* Tetromino_block1_5.png in Resources */ = {isa = PBXBuildFile; fileRef = 8FFEDF652E492B660019E581 /* Tetromino_block1_5.png */; };
		8FFEDF9A2E492B660019E581 /* Tetromino_Z2_2.png in Resources */ = {isa = PBXBuildFile; fileRef = 8FFEDF662E492B660019E581 /* Tetromino_Z2_2.png */; };
		8FFEDF9B2E492B660019E581 /* Tetromino_block2_1.png in Resources */ = {isa = PBXBuildFile; fileRef = 8FFEDF672E492B660019E581 /* Tetromino_block2_1.png */; };
		8FFEDF9C2E492B660019E581 /* Tetromino_L1_2.png in Resources */ = {isa = PBXBuildFile; fileRef = 8FFEDF682E492B660019E581 /* Tetromino_L1_2.png */; };
		8FFEDF9D2E492B660019E581 /* Tetromino_J2_2.png in Resources */ = {isa = PBXBuildFile; fileRef = 8FFEDF692E492B660019E581 /* Tetromino_J2_2.png */; };
		8FFEDF9E2E492B660019E581 /* Tetromino_block1_7.png in Resources */ = {isa = PBXBuildFile; fileRef = 8FFEDF6A2E492B660019E581 /* Tetromino_block1_7.png */; };
		8FFEDF9F2E492B660019E581 /* Tetromino_block1_6.png in Resources */ = {isa = PBXBuildFile; fileRef = 8FFEDF6B2E492B660019E581 /* Tetromino_block1_6.png */; };
		8FFEDFA02E492B660019E581 /* Tetromino_block2_7.png in Resources */ = {isa = PBXBuildFile; fileRef = 8FFEDF6C2E492B660019E581 /* Tetromino_block2_7.png */; };
		8FFEDFA12E492B660019E581 /* Tetromino_block2_5.png in Resources */ = {isa = PBXBuildFile; fileRef = 8FFEDF6D2E492B660019E581 /* Tetromino_block2_5.png */; };
		8FFEDFA22E492B660019E581 /* Tetromino_T2_3.png in Resources */ = {isa = PBXBuildFile; fileRef = 8FFEDF6E2E492B660019E581 /* Tetromino_T2_3.png */; };
		8FFEDFA52E492C2D0019E581 /* Tetronimo.cpp in Sources */ = {isa = PBXBuildFile; fileRef = 8FFEDFA32E492C2D0019E581 /* Tetronimo.cpp */; };
		8FFEDFAA2E492C900019E581 /* Game.cpp in Sources */ = {isa = PBXBuildFile; fileRef = 8FFEDFA82E492C900019E581 /* Game.cpp */; };
		8FFEDFAD2E493B7F0019E581 /* StaticImage.cpp in Sources */ = {isa = PBXBuildFile; fileRef = 8FFEDFAB2E493B7F0019E581 /* StaticImage.cpp */; };
		8FFEDFAF2E493CBE0019E581 /* Border.png in Resources */ = {isa = PBXBuildFile; fileRef = 8FFEDFAE2E493CBE0019E581 /* Border.png */; };
/* End PBXBuildFile section */

/* Begin PBXCopyFilesBuildPhase section */
		8F1F350D2E3674250094FB14 /* Embed Frameworks */ = {
			isa = PBXCopyFilesBuildPhase;
			buildActionMask = 2147483647;
			dstPath = "";
			dstSubfolderSpec = 10;
			files = (
				8F1F35082E3674250094FB14 /* SDL2.framework in Embed Frameworks */,
				8F1F35102E3674340094FB14 /* SDL2_mixer.framework in Embed Frameworks */,
				8F1F350C2E3674250094FB14 /* SDL2_ttf.framework in Embed Frameworks */,
				8F1F350A2E3674250094FB14 /* SDL2_image.framework in Embed Frameworks */,
			);
			name = "Embed Frameworks";
			runOnlyForDeploymentPostprocessing = 0;
		};
/* End PBXCopyFilesBuildPhase section */

/* Begin PBXFileReference section */
		8F1F34F02E3673B40094FB14 /* TetrisSDL.app */ = {isa = PBXFileReference; explicitFileType = wrapper.application; includeInIndex = 0; path = TetrisSDL.app; sourceTree = BUILT_PRODUCTS_DIR; };
		8F1F34F62E3673B50094FB14 /* Assets.xcassets */ = {isa = PBXFileReference; lastKnownFileType = folder.assetcatalog; path = Assets.xcassets; sourceTree = "<group>"; };
		8F1F34FD2E3673B50094FB14 /* TetrisSDL.entitlements */ = {isa = PBXFileReference; lastKnownFileType = text.plist.entitlements; path = TetrisSDL.entitlements; sourceTree = "<group>"; };
		8F1F35042E3674250094FB14 /* SDL2.framework */ = {isa = PBXFileReference; lastKnownFileType = wrapper.framework; name = SDL2.framework; path = ../../../../../Library/Frameworks/SDL2.framework; sourceTree = "<group>"; };
		8F1F35052E3674250094FB14 /* SDL2_image.framework */ = {isa = PBXFileReference; lastKnownFileType = wrapper.framework; name = SDL2_image.framework; path = ../../../../../Library/Frameworks/SDL2_image.framework; sourceTree = "<group>"; };
		8F1F35062E3674250094FB14 /* SDL2_ttf.framework */ = {isa = PBXFileReference; lastKnownFileType = wrapper.framework; name = SDL2_ttf.framework; path = ../../../../../Library/Frameworks/SDL2_ttf.framework; sourceTree = "<group>"; };
		8F1F350E2E3674340094FB14 /* SDL2_mixer.framework */ = {isa = PBXFileReference; lastKnownFileType = wrapper.framework; name = SDL2_mixer.framework; path = ../../../../../Library/Frameworks/SDL2_mixer.framework; sourceTree = "<group>"; };
		8F1F35112E3674640094FB14 /* main.cpp */ = {isa = PBXFileReference; lastKnownFileType = sourcecode.cpp.cpp; path = main.cpp; sourceTree = "<group>"; };
		8F1F35142E3674B20094FB14 /* SdlManager.cpp */ = {isa = PBXFileReference; lastKnownFileType = sourcecode.cpp.cpp; path = SdlManager.cpp; sourceTree = "<group>"; };
		8F1F35152E3674B20094FB14 /* SdlManager.hpp */ = {isa = PBXFileReference; lastKnownFileType = sourcecode.cpp.h; path = SdlManager.hpp; sourceTree = "<group>"; };
		8F1F35182E3676320094FB14 /* GameObject.cpp */ = {isa = PBXFileReference; lastKnownFileType = sourcecode.cpp.cpp; path = GameObject.cpp; sourceTree = "<group>"; };
		8F1F35192E3676320094FB14 /* GameObject.hpp */ = {isa = PBXFileReference; lastKnownFileType = sourcecode.cpp.h; path = GameObject.hpp; sourceTree = "<group>"; };
		8FFEDF3B2E492B650019E581 /* Tetromino_J1_3.png */ = {isa = PBXFileReference; lastKnownFileType = image.png; name = Tetromino_J1_3.png; path = ../../../../Downloads/Tetrominoes/Tetromino_J1_3.png; sourceTree = "<group>"; };
		8FFEDF3C2E492B650019E581 /* Tetromino_J2_1.png */ = {isa = PBXFileReference; lastKnownFileType = image.png; name = Tetromino_J2_1.png; path = ../../../../Downloads/Tetrominoes/Tetromino_J2_1.png; sourceTree = "<group>"; };
		8FFEDF3D2E492B650019E581 /* Tetromino_J2_3.png */ = {isa = PBXFileReference; lastKnownFileType = image.png; name = Tetromino_J2_3.png; path = ../../../../Downloads/Tetrominoes/Tetromino_J2_3.png; sourceTree = "<group>"; };
		8FFEDF3E2E492B650019E581 /* Tetromino_O1_1.png */ = {isa = PBXFileReference; lastKnownFileType = image.png; name = Tetromino_O1_1.png; path = ../../../../Downloads/Tetrominoes/Tetromino_O1_1.png; sourceTree = "<group>"; };
		8FFEDF3F2E492B650019E581 /* Tetromino_block2_2.png */ = {isa = PBXFileReference; lastKnownFileType = image.png; name = Tetromino_block2_2.png; path = ../../../../Downloads/Tetrominoes/Tetromino_block2_2.png; sourceTree = "<group>"; };
		8FFEDF402E492B650019E581 /* Tetromino_J1_2.png */ = {isa = PBXFileReference; lastKnownFileType = image.png; name = Tetromino_J1_2.png; path = ../../../../Downloads/Tetrominoes/Tetromino_J1_2.png; sourceTree = "<group>"; };
		8FFEDF412E492B650019E581 /* Tetromino_block2_6.png */ = {isa = PBXFileReference; lastKnownFileType = image.png; name = Tetromino_block2_6.png; path = ../../../../Downloads/Tetrominoes/Tetromino_block2_6.png; sourceTree = "<group>"; };
		8FFEDF422E492B650019E581 /* Tetromino_I2_1.png */ = {isa = PBXFileReference; lastKnownFileType = image.png; name = Tetromino_I2_1.png; path = ../../../../Downloads/Tetrominoes/Tetromino_I2_1.png; sourceTree = "<group>"; };
		8FFEDF432E492B650019E581 /* Tetromino_block1_2.png */ = {isa = PBXFileReference; lastKnownFileType = image.png; name = Tetromino_block1_2.png; path = ../../../../Downloads/Tetrominoes/Tetromino_block1_2.png; sourceTree = "<group>"; };
		8FFEDF442E492B650019E581 /* Tetromino_block2_4.png */ = {isa = PBXFileReference; lastKnownFileType = image.png; name = Tetromino_block2_4.png; path = ../../../../Downloads/Tetrominoes/Tetromino_block2_4.png; sourceTree = "<group>"; };
		8FFEDF452E492B650019E581 /* Tetromino_T1_3.png */ = {isa = PBXFileReference; lastKnownFileType = image.png; name = Tetromino_T1_3.png; path = ../../../../Downloads/Tetrominoes/Tetromino_T1_3.png; sourceTree = "<group>"; };
		8FFEDF462E492B650019E581 /* Tetromino_L2_3.png */ = {isa = PBXFileReference; lastKnownFileType = image.png; name = Tetromino_L2_3.png; path = ../../../../Downloads/Tetrominoes/Tetromino_L2_3.png; sourceTree = "<group>"; };
		8FFEDF472E492B650019E581 /* Tetromino_J1_1.png */ = {isa = PBXFileReference; lastKnownFileType = image.png; name = Tetromino_J1_1.png; path = ../../../../Downloads/Tetrominoes/Tetromino_J1_1.png; sourceTree = "<group>"; };
		8FFEDF482E492B650019E581 /* Tetromino_T1_1.png */ = {isa = PBXFileReference; lastKnownFileType = image.png; name = Tetromino_T1_1.png; path = ../../../../Downloads/Tetrominoes/Tetromino_T1_1.png; sourceTree = "<group>"; };
		8FFEDF492E492B650019E581 /* Tetromino_block1_3.png */ = {isa = PBXFileReference; lastKnownFileType = image.png; name = Tetromino_block1_3.png; path = ../../../../Downloads/Tetrominoes/Tetromino_block1_3.png; sourceTree = "<group>"; };
		8FFEDF4A2E492B650019E581 /* Tetromino_L1_1.png */ = {isa = PBXFileReference; lastKnownFileType = image.png; name = Tetromino_L1_1.png; path = ../../../../Downloads/Tetrominoes/Tetromino_L1_1.png; sourceTree = "<group>"; };
		8FFEDF4B2E492B650019E581 /* Tetromino_L2_2.png */ = {isa = PBXFileReference; lastKnownFileType = image.png; name = Tetromino_L2_2.png; path = ../../../../Downloads/Tetrominoes/Tetromino_L2_2.png; sourceTree = "<group>"; };
		8FFEDF4C2E492B650019E581 /* Tetromino_Z2_1.png */ = {isa = PBXFileReference; lastKnownFileType = image.png; name = Tetromino_Z2_1.png; path = ../../../../Downloads/Tetrominoes/Tetromino_Z2_1.png; sourceTree = "<group>"; };
		8FFEDF4D2E492B650019E581 /* Tetromino_L1_4.png */ = {isa = PBXFileReference; lastKnownFileType = image.png; name = Tetromino_L1_4.png; path = ../../../../Downloads/Tetrominoes/Tetromino_L1_4.png; sourceTree = "<group>"; };
		8FFEDF4E2E492B650019E581 /* Tetromino_T2_1.png */ = {isa = PBXFileReference; lastKnownFileType = image.png; name = Tetromino_T2_1.png; path = ../../../../Downloads/Tetrominoes/Tetromino_T2_1.png; sourceTree = "<group>"; };
		8FFEDF4F2E492B650019E581 /* Tetromino_block2_3.png */ = {isa = PBXFileReference; lastKnownFileType = image.png; name = Tetromino_block2_3.png; path = ../../../../Downloads/Tetrominoes/Tetromino_block2_3.png; sourceTree = "<group>"; };
		8FFEDF502E492B650019E581 /* Tetromino_S2_2.png */ = {isa = PBXFileReference; lastKnownFileType = image.png; name = Tetromino_S2_2.png; path = ../../../../Downloads/Tetrominoes/Tetromino_S2_2.png; sourceTree = "<group>"; };
		8FFEDF512E492B650019E581 /* Tetromino_I1_1.png */ = {isa = PBXFileReference; lastKnownFileType = image.png; name = Tetromino_I1_1.png; path = ../../../../Downloads/Tetrominoes/Tetromino_I1_1.png; sourceTree = "<group>"; };
		8FFEDF522E492B650019E581 /* Tetromino_S1_1.png */ = {isa = PBXFileReference; lastKnownFileType = image.png; name = Tetromino_S1_1.png; path = ../../../../Downloads/Tetrominoes/Tetromino_S1_1.png; sourceTree = "<group>"; };
		8FFEDF532E492B650019E581 /* Tetromino_T1_4.png */ = {isa = PBXFileReference; lastKnownFileType = image.png; name = Tetromino_T1_4.png; path = ../../../../Downloads/Tetrominoes/Tetromino_T1_4.png; sourceTree = "<group>"; };
		8FFEDF542E492B650019E581 /* Tetromino_L2_1.png */ = {isa = PBXFileReference; lastKnownFileType = image.png; name = Tetromino_L2_1.png; path = ../../../../Downloads/Tetrominoes/Tetromino_L2_1.png; sourceTree = "<group>"; };
		8FFEDF552E492B650019E581 /* Tetromino_Z1_2.png */ = {isa = PBXFileReference; lastKnownFileType = image.png; name = Tetromino_Z1_2.png; path = ../../../../Downloads/Tetrominoes/Tetromino_Z1_2.png; sourceTree = "<group>"; };
		8FFEDF562E492B650019E581 /* Tetromino_T2_2.png */ = {isa = PBXFileReference; lastKnownFileType = image.png; name = Tetromino_T2_2.png; path = ../../../../Downloads/Tetrominoes/Tetromino_T2_2.png; sourceTree = "<group>"; };
		8FFEDF572E492B650019E581 /* Tetromino_J1_4.png */ = {isa = PBXFileReference; lastKnownFileType = image.png; name = Tetromino_J1_4.png; path = ../../../../Downloads/Tetrominoes/Tetromino_J1_4.png; sourceTree = "<group>"; };
		8FFEDF582E492B650019E581 /* Tetromino_L2_4.png */ = {isa = PBXFileReference; lastKnownFileType = image.png; name = Tetromino_L2_4.png; path = ../../../../Downloads/Tetrominoes/Tetromino_L2_4.png; sourceTree = "<group>"; };
		8FFEDF592E492B650019E581 /* Tetromino_S2_1.png */ = {isa = PBXFileReference; lastKnownFileType = image.png; name = Tetromino_S2_1.png; path = ../../../../Downloads/Tetrominoes/Tetromino_S2_1.png; sourceTree = "<group>"; };
		8FFEDF5A2E492B650019E581 /* Tetromino_T1_2.png */ = {isa = PBXFileReference; lastKnownFileType = image.png; name = Tetromino_T1_2.png; path = ../../../../Downloads/Tetrominoes/Tetromino_T1_2.png; sourceTree = "<group>"; };
		8FFEDF5B2E492B650019E581 /* Tetromino_I2_2.png */ = {isa = PBXFileReference; lastKnownFileType = image.png; name = Tetromino_I2_2.png; path = ../../../../Downloads/Tetrominoes/Tetromino_I2_2.png; sourceTree = "<group>"; };
		8FFEDF5C2E492B660019E581 /* Tetromino_J2_4.png */ = {isa = PBXFileReference; lastKnownFileType = image.png; name = Tetromino_J2_4.png; path = ../../../../Downloads/Tetrominoes/Tetromino_J2_4.png; sourceTree = "<group>"; };
		8FFEDF5D2E492B660019E581 /* Tetromino_S1_2.png */ = {isa = PBXFileReference; lastKnownFileType = image.png; name = Tetromino_S1_2.png; path = ../../../../Downloads/Tetrominoes/Tetromino_S1_2.png; sourceTree = "<group>"; };
		8FFEDF5E2E492B660019E581 /* Tetromino_I1_2.png */ = {isa = PBXFileReference; lastKnownFileType = image.png; name = Tetromino_I1_2.png; path = ../../../../Downloads/Tetrominoes/Tetromino_I1_2.png; sourceTree = "<group>"; };
		8FFEDF5F2E492B660019E581 /* Tetromino_block1_4.png */ = {isa = PBXFileReference; lastKnownFileType = image.png; name = Tetromino_block1_4.png; path = ../../../../Downloads/Tetrominoes/Tetromino_block1_4.png; sourceTree = "<group>"; };
		8FFEDF602E492B660019E581 /* Tetromino_T2_4.png */ = {isa = PBXFileReference; lastKnownFileType = image.png; name = Tetromino_T2_4.png; path = ../../../../Downloads/Tetrominoes/Tetromino_T2_4.png; sourceTree = "<group>"; };
		8FFEDF612E492B660019E581 /* Tetromino_Z1_1.png */ = {isa = PBXFileReference; lastKnownFileType = image.png; name = Tetromino_Z1_1.png; path = ../../../../Downloads/Tetrominoes/Tetromino_Z1_1.png; sourceTree = "<group>"; };
		8FFEDF622E492B660019E581 /* Tetromino_O1_2.png */ = {isa = PBXFileReference; lastKnownFileType = image.png; name = Tetromino_O1_2.png; path = ../../../../Downloads/Tetrominoes/Tetromino_O1_2.png; sourceTree = "<group>"; };
		8FFEDF632E492B660019E581 /* Tetromino_block1_1.png */ = {isa = PBXFileReference; lastKnownFileType = image.png; name = Tetromino_block1_1.png; path = ../../../../Downloads/Tetrominoes/Tetromino_block1_1.png; sourceTree = "<group>"; };
		8FFEDF642E492B660019E581 /* Tetromino_L1_3.png */ = {isa = PBXFileReference; lastKnownFileType = image.png; name = Tetromino_L1_3.png; path = ../../../../Downloads/Tetrominoes/Tetromino_L1_3.png; sourceTree = "<group>"; };
		8FFEDF652E492B660019E581 /* Tetromino_block1_5.png */ = {isa = PBXFileReference; lastKnownFileType = image.png; name = Tetromino_block1_5.png; path = ../../../../Downloads/Tetrominoes/Tetromino_block1_5.png; sourceTree = "<group>"; };
		8FFEDF662E492B660019E581 /* Tetromino_Z2_2.png */ = {isa = PBXFileReference; lastKnownFileType = image.png; name = Tetromino_Z2_2.png; path = ../../../../Downloads/Tetrominoes/Tetromino_Z2_2.png; sourceTree = "<group>"; };
		8FFEDF672E492B660019E581 /* Tetromino_block2_1.png */ = {isa = PBXFileReference; lastKnownFileType = image.png; name = Tetromino_block2_1.png; path = ../../../../Downloads/Tetrominoes/Tetromino_block2_1.png; sourceTree = "<group>"; };
		8FFEDF682E492B660019E581 /* Tetromino_L1_2.png */ = {isa = PBXFileReference; lastKnownFileType = image.png; name = Tetromino_L1_2.png; path = ../../../../Downloads/Tetrominoes/Tetromino_L1_2.png; sourceTree = "<group>"; };
		8FFEDF692E492B660019E581 /* Tetromino_J2_2.png */ = {isa = PBXFileReference; lastKnownFileType = image.png; name = Tetromino_J2_2.png; path = ../../../../Downloads/Tetrominoes/Tetromino_J2_2.png; sourceTree = "<group>"; };
		8FFEDF6A2E492B660019E581 /* Tetromino_block1_7.png */ = {isa = PBXFileReference; lastKnownFileType = image.png; name = Tetromino_block1_7.png; path = ../../../../Downloads/Tetrominoes/Tetromino_block1_7.png; sourceTree = "<group>"; };
		8FFEDF6B2E492B660019E581 /* Tetromino_block1_6.png */ = {isa = PBXFileReference; lastKnownFileType = image.png; name = Tetromino_block1_6.png; path = ../../../../Downloads/Tetrominoes/Tetromino_block1_6.png; sourceTree = "<group>"; };
		8FFEDF6C2E492B660019E581 /* Tetromino_block2_7.png */ = {isa = PBXFileReference; lastKnownFileType = image.png; name = Tetromino_block2_7.png; path = ../../../../Downloads/Tetrominoes/Tetromino_block2_7.png; sourceTree = "<group>"; };
		8FFEDF6D2E492B660019E581 /* Tetromino_block2_5.png */ = {isa = PBXFileReference; lastKnownFileType = image.png; name = Tetromino_block2_5.png; path = ../../../../Downloads/Tetrominoes/Tetromino_block2_5.png; sourceTree = "<group>"; };
		8FFEDF6E2E492B660019E581 /* Tetromino_T2_3.png */ = {isa = PBXFileReference; lastKnownFileType = image.png; name = Tetromino_T2_3.png; path = ../../../../Downloads/Tetrominoes/Tetromino_T2_3.png; sourceTree = "<group>"; };
		8FFEDFA32E492C2D0019E581 /* Tetronimo.cpp */ = {isa = PBXFileReference; lastKnownFileType = sourcecode.cpp.cpp; path = Tetronimo.cpp; sourceTree = "<group>"; };
		8FFEDFA42E492C2D0019E581 /* Tetronimo.hpp */ = {isa = PBXFileReference; lastKnownFileType = sourcecode.cpp.h; path = Tetronimo.hpp; sourceTree = "<group>"; };
		8FFEDFA82E492C900019E581 /* Game.cpp */ = {isa = PBXFileReference; lastKnownFileType = sourcecode.cpp.cpp; path = Game.cpp; sourceTree = "<group>"; };
		8FFEDFA92E492C900019E581 /* Game.hpp */ = {isa = PBXFileReference; lastKnownFileType = sourcecode.cpp.h; path = Game.hpp; sourceTree = "<group>"; };
		8FFEDFAB2E493B7F0019E581 /* StaticImage.cpp */ = {isa = PBXFileReference; lastKnownFileType = sourcecode.cpp.cpp; path = StaticImage.cpp; sourceTree = "<group>"; };
		8FFEDFAC2E493B7F0019E581 /* StaticImage.hpp */ = {isa = PBXFileReference; lastKnownFileType = sourcecode.cpp.h; path = StaticImage.hpp; sourceTree = "<group>"; };
		8FFEDFAE2E493CBE0019E581 /* Border.png */ = {isa = PBXFileReference; lastKnownFileType = image.png; name = Border.png; path = ../../../../Downloads/Tetrominoes/Border.png; sourceTree = "<group>"; };
/* End PBXFileReference section */

/* Begin PBXFrameworksBuildPhase section */
		8F1F34ED2E3673B40094FB14 /* Frameworks */ = {
			isa = PBXFrameworksBuildPhase;
			buildActionMask = 2147483647;
			files = (
				8F1F35072E3674250094FB14 /* SDL2.framework in Frameworks */,
				8F1F350F2E3674340094FB14 /* SDL2_mixer.framework in Frameworks */,
				8F1F350B2E3674250094FB14 /* SDL2_ttf.framework in Frameworks */,
				8F1F35092E3674250094FB14 /* SDL2_image.framework in Frameworks */,
			);
			runOnlyForDeploymentPostprocessing = 0;
		};
/* End PBXFrameworksBuildPhase section */

/* Begin PBXGroup section */
		8F1F34E72E3673B40094FB14 = {
			isa = PBXGroup;
			children = (
				8FFEDFA72E492C880019E581 /* Game Logic */,
				8FF73E1A2E49200300038010 /* Assets */,
				8F1F34F22E3673B40094FB14 /* TetrisSDL */,
				8F1F34F12E3673B40094FB14 /* Products */,
				8F1F35032E3674250094FB14 /* Frameworks */,
			);
			sourceTree = "<group>";
		};
		8F1F34F12E3673B40094FB14 /* Products */ = {
			isa = PBXGroup;
			children = (
				8F1F34F02E3673B40094FB14 /* TetrisSDL.app */,
			);
			name = Products;
			sourceTree = "<group>";
		};
		8F1F34F22E3673B40094FB14 /* TetrisSDL */ = {
			isa = PBXGroup;
			children = (
				8F1F35172E3676250094FB14 /* Objects */,
				8F1F35132E36749F0094FB14 /* Singletons */,
				8F1F34F62E3673B50094FB14 /* Assets.xcassets */,
				8F1F34FD2E3673B50094FB14 /* TetrisSDL.entitlements */,
				8F1F35112E3674640094FB14 /* main.cpp */,
			);
			path = TetrisSDL;
			sourceTree = "<group>";
		};
		8F1F35032E3674250094FB14 /* Frameworks */ = {
			isa = PBXGroup;
			children = (
				8F1F350E2E3674340094FB14 /* SDL2_mixer.framework */,
				8F1F35052E3674250094FB14 /* SDL2_image.framework */,
				8F1F35062E3674250094FB14 /* SDL2_ttf.framework */,
				8F1F35042E3674250094FB14 /* SDL2.framework */,
			);
			name = Frameworks;
			sourceTree = "<group>";
		};
		8F1F35132E36749F0094FB14 /* Singletons */ = {
			isa = PBXGroup;
			children = (
				8F1F35142E3674B20094FB14 /* SdlManager.cpp */,
				8F1F35152E3674B20094FB14 /* SdlManager.hpp */,
			);
			path = Singletons;
			sourceTree = "<group>";
		};
		8F1F35172E3676250094FB14 /* Objects */ = {
			isa = PBXGroup;
			children = (
				8F1F35182E3676320094FB14 /* GameObject.cpp */,
				8F1F35192E3676320094FB14 /* GameObject.hpp */,
				8FFEDFA32E492C2D0019E581 /* Tetronimo.cpp */,
				8FFEDFA42E492C2D0019E581 /* Tetronimo.hpp */,
				8FFEDFAB2E493B7F0019E581 /* StaticImage.cpp */,
				8FFEDFAC2E493B7F0019E581 /* StaticImage.hpp */,
			);
			path = Objects;
			sourceTree = "<group>";
		};
		8FF73E1A2E49200300038010 /* Assets */ = {
			isa = PBXGroup;
			children = (
				8FFEDFAE2E493CBE0019E581 /* Border.png */,
				8FFEDF632E492B660019E581 /* Tetromino_block1_1.png */,
				8FFEDF432E492B650019E581 /* Tetromino_block1_2.png */,
				8FFEDF492E492B650019E581 /* Tetromino_block1_3.png */,
				8FFEDF5F2E492B660019E581 /* Tetromino_block1_4.png */,
				8FFEDF652E492B660019E581 /* Tetromino_block1_5.png */,
				8FFEDF6B2E492B660019E581 /* Tetromino_block1_6.png */,
				8FFEDF6A2E492B660019E581 /* Tetromino_block1_7.png */,
				8FFEDF672E492B660019E581 /* Tetromino_block2_1.png */,
				8FFEDF3F2E492B650019E581 /* Tetromino_block2_2.png */,
				8FFEDF4F2E492B650019E581 /* Tetromino_block2_3.png */,
				8FFEDF442E492B650019E581 /* Tetromino_block2_4.png */,
				8FFEDF6D2E492B660019E581 /* Tetromino_block2_5.png */,
				8FFEDF412E492B650019E581 /* Tetromino_block2_6.png */,
				8FFEDF6C2E492B660019E581 /* Tetromino_block2_7.png */,
				8FFEDF512E492B650019E581 /* Tetromino_I1_1.png */,
				8FFEDF5E2E492B660019E581 /* Tetromino_I1_2.png */,
				8FFEDF422E492B650019E581 /* Tetromino_I2_1.png */,
				8FFEDF5B2E492B650019E581 /* Tetromino_I2_2.png */,
				8FFEDF472E492B650019E581 /* Tetromino_J1_1.png */,
				8FFEDF402E492B650019E581 /* Tetromino_J1_2.png */,
				8FFEDF3B2E492B650019E581 /* Tetromino_J1_3.png */,
				8FFEDF572E492B650019E581 /* Tetromino_J1_4.png */,
				8FFEDF3C2E492B650019E581 /* Tetromino_J2_1.png */,
				8FFEDF692E492B660019E581 /* Tetromino_J2_2.png */,
				8FFEDF3D2E492B650019E581 /* Tetromino_J2_3.png */,
				8FFEDF5C2E492B660019E581 /* Tetromino_J2_4.png */,
				8FFEDF4A2E492B650019E581 /* Tetromino_L1_1.png */,
				8FFEDF682E492B660019E581 /* Tetromino_L1_2.png */,
				8FFEDF642E492B660019E581 /* Tetromino_L1_3.png */,
				8FFEDF4D2E492B650019E581 /* Tetromino_L1_4.png */,
				8FFEDF542E492B650019E581 /* Tetromino_L2_1.png */,
				8FFEDF4B2E492B650019E581 /* Tetromino_L2_2.png */,
				8FFEDF462E492B650019E581 /* Tetromino_L2_3.png */,
				8FFEDF582E492B650019E581 /* Tetromino_L2_4.png */,
				8FFEDF3E2E492B650019E581 /* Tetromino_O1_1.png */,
				8FFEDF622E492B660019E581 /* Tetromino_O1_2.png */,
				8FFEDF522E492B650019E581 /* Tetromino_S1_1.png */,
				8FFEDF5D2E492B660019E581 /* Tetromino_S1_2.png */,
				8FFEDF592E492B650019E581 /* Tetromino_S2_1.png */,
				8FFEDF502E492B650019E581 /* Tetromino_S2_2.png */,
				8FFEDF482E492B650019E581 /* Tetromino_T1_1.png */,
				8FFEDF5A2E492B650019E581 /* Tetromino_T1_2.png */,
				8FFEDF452E492B650019E581 /* Tetromino_T1_3.png */,
				8FFEDF532E492B650019E581 /* Tetromino_T1_4.png */,
				8FFEDF4E2E492B650019E581 /* Tetromino_T2_1.png */,
				8FFEDF562E492B650019E581 /* Tetromino_T2_2.png */,
				8FFEDF6E2E492B660019E581 /* Tetromino_T2_3.png */,
				8FFEDF602E492B660019E581 /* Tetromino_T2_4.png */,
				8FFEDF612E492B660019E581 /* Tetromino_Z1_1.png */,
				8FFEDF552E492B650019E581 /* Tetromino_Z1_2.png */,
				8FFEDF4C2E492B650019E581 /* Tetromino_Z2_1.png */,
				8FFEDF662E492B660019E581 /* Tetromino_Z2_2.png */,
			);
			path = Assets;
			sourceTree = "<group>";
		};
		8FFEDFA72E492C880019E581 /* Game Logic */ = {
			isa = PBXGroup;
			children = (
				8FFEDFA82E492C900019E581 /* Game.cpp */,
				8FFEDFA92E492C900019E581 /* Game.hpp */,
			);
			path = "Game Logic";
			sourceTree = "<group>";
		};
/* End PBXGroup section */

/* Begin PBXNativeTarget section */
		8F1F34EF2E3673B40094FB14 /* TetrisSDL */ = {
			isa = PBXNativeTarget;
			buildConfigurationList = 8F1F35002E3673B50094FB14 /* Build configuration list for PBXNativeTarget "TetrisSDL" */;
			buildPhases = (
				8F1F34EC2E3673B40094FB14 /* Sources */,
				8F1F34ED2E3673B40094FB14 /* Frameworks */,
				8F1F34EE2E3673B40094FB14 /* Resources */,
				8F1F350D2E3674250094FB14 /* Embed Frameworks */,
			);
			buildRules = (
			);
			dependencies = (
			);
			name = TetrisSDL;
			productName = TetrisSDL;
			productReference = 8F1F34F02E3673B40094FB14 /* TetrisSDL.app */;
			productType = "com.apple.product-type.application";
		};
/* End PBXNativeTarget section */

/* Begin PBXProject section */
		8F1F34E82E3673B40094FB14 /* Project object */ = {
			isa = PBXProject;
			attributes = {
				BuildIndependentTargetsInParallel = 1;
				LastUpgradeCheck = 1540;
				TargetAttributes = {
					8F1F34EF2E3673B40094FB14 = {
						CreatedOnToolsVersion = 15.4;
					};
				};
			};
			buildConfigurationList = 8F1F34EB2E3673B40094FB14 /* Build configuration list for PBXProject "TetrisSDL" */;
			compatibilityVersion = "Xcode 14.0";
			developmentRegion = en;
			hasScannedForEncodings = 0;
			knownRegions = (
				en,
				Base,
			);
			mainGroup = 8F1F34E72E3673B40094FB14;
			productRefGroup = 8F1F34F12E3673B40094FB14 /* Products */;
			projectDirPath = "";
			projectRoot = "";
			targets = (
				8F1F34EF2E3673B40094FB14 /* TetrisSDL */,
			);
		};
/* End PBXProject section */

/* Begin PBXResourcesBuildPhase section */
		8F1F34EE2E3673B40094FB14 /* Resources */ = {
			isa = PBXResourcesBuildPhase;
			buildActionMask = 2147483647;
			files = (
				8FFEDF9B2E492B660019E581 /* Tetromino_block2_1.png in Resources */,
				8FFEDF902E492B660019E581 /* Tetromino_J2_4.png in Resources */,
				8FFEDF752E492B660019E581 /* Tetromino_block2_6.png in Resources */,
				8FFEDF992E492B660019E581 /* Tetromino_block1_5.png in Resources */,
				8FFEDF962E492B660019E581 /* Tetromino_O1_2.png in Resources */,
				8FFEDF8E2E492B660019E581 /* Tetromino_T1_2.png in Resources */,
				8FFEDF832E492B660019E581 /* Tetromino_block2_3.png in Resources */,
				8FFEDF9E2E492B660019E581 /* Tetromino_block1_7.png in Resources */,
				8FFEDF7D2E492B660019E581 /* Tetromino_block1_3.png in Resources */,
				8FFEDF882E492B660019E581 /* Tetromino_L2_1.png in Resources */,
				8FFEDF9F2E492B660019E581 /* Tetromino_block1_6.png in Resources */,
				8FFEDF792E492B660019E581 /* Tetromino_T1_3.png in Resources */,
				8FFEDF852E492B660019E581 /* Tetromino_I1_1.png in Resources */,
				8FFEDF812E492B660019E581 /* Tetromino_L1_4.png in Resources */,
				8F1F34F72E3673B50094FB14 /* Assets.xcassets in Resources */,
				8FFEDF8F2E492B660019E581 /* Tetromino_I2_2.png in Resources */,
				8FFEDF7B2E492B660019E581 /* Tetromino_J1_1.png in Resources */,
				8FFEDF742E492B660019E581 /* Tetromino_J1_2.png in Resources */,
				8FFEDF8A2E492B660019E581 /* Tetromino_T2_2.png in Resources */,
				8FFEDF7E2E492B660019E581 /* Tetromino_L1_1.png in Resources */,
				8FFEDF772E492B660019E581 /* Tetromino_block1_2.png in Resources */,
				8FFEDFA22E492B660019E581 /* Tetromino_T2_3.png in Resources */,
				8FFEDF872E492B660019E581 /* Tetromino_T1_4.png in Resources */,
				8FFEDF702E492B660019E581 /* Tetromino_J2_1.png in Resources */,
				8FFEDF9A2E492B660019E581 /* Tetromino_Z2_2.png in Resources */,
				8FFEDF932E492B660019E581 /* Tetromino_block1_4.png in Resources */,
				8FFEDF842E492B660019E581 /* Tetromino_S2_2.png in Resources */,
				8FFEDFA12E492B660019E581 /* Tetromino_block2_5.png in Resources */,
				8FFEDF782E492B660019E581 /* Tetromino_block2_4.png in Resources */,
				8FFEDF7F2E492B660019E581 /* Tetromino_L2_2.png in Resources */,
				8FFEDF762E492B660019E581 /* Tetromino_I2_1.png in Resources */,
				8FFEDF982E492B660019E581 /* Tetromino_L1_3.png in Resources */,
				8FFEDF8B2E492B660019E581 /* Tetromino_J1_4.png in Resources */,
				8FFEDF6F2E492B660019E581 /* Tetromino_J1_3.png in Resources */,
				8FFEDF7C2E492B660019E581 /* Tetromino_T1_1.png in Resources */,
				8FFEDF8C2E492B660019E581 /* Tetromino_L2_4.png in Resources */,
				8FFEDF922E492B660019E581 /* Tetromino_I1_2.png in Resources */,
				8FFEDF722E492B660019E581 /* Tetromino_O1_1.png in Resources */,
				8FFEDF732E492B660019E581 /* Tetromino_block2_2.png in Resources */,
				8FFEDF9C2E492B660019E581 /* Tetromino_L1_2.png in Resources */,
				8FFEDF942E492B660019E581 /* Tetromino_T2_4.png in Resources */,
				8FFEDF9D2E492B660019E581 /* Tetromino_J2_2.png in Resources */,
				8FFEDFA02E492B660019E581 /* Tetromino_block2_7.png in Resources */,
				8FFEDF912E492B660019E581 /* Tetromino_S1_2.png in Resources */,
				8FFEDF892E492B660019E581 /* Tetromino_Z1_2.png in Resources */,
				8FFEDF7A2E492B660019E581 /* Tetromino_L2_3.png in Resources */,
				8FFEDF8D2E492B660019E581 /* Tetromino_S2_1.png in Resources */,
				8FFEDFAF2E493CBE0019E581 /* Border.png in Resources */,
				8FFEDF952E492B660019E581 /* Tetromino_Z1_1.png in Resources */,
				8FFEDF802E492B660019E581 /* Tetromino_Z2_1.png in Resources */,
				8FFEDF712E492B660019E581 /* Tetromino_J2_3.png in Resources */,
				8FFEDF862E492B660019E581 /* Tetromino_S1_1.png in Resources */,
				8FFEDF822E492B660019E581 /* Tetromino_T2_1.png in Resources */,
				8FFEDF972E492B660019E581 /* Tetromino_block1_1.png in Resources */,
			);
			runOnlyForDeploymentPostprocessing = 0;
		};
/* End PBXResourcesBuildPhase section */

/* Begin PBXSourcesBuildPhase section */
		8F1F34EC2E3673B40094FB14 /* Sources */ = {
			isa = PBXSourcesBuildPhase;
			buildActionMask = 2147483647;
			files = (
				8F1F35122E3674640094FB14 /* main.cpp in Sources */,
				8FFEDFAD2E493B7F0019E581 /* StaticImage.cpp in Sources */,
				8F1F35162E3674B20094FB14 /* SdlManager.cpp in Sources */,
				8F1F351A2E3676320094FB14 /* GameObject.cpp in Sources */,
				8FFEDFAA2E492C900019E581 /* Game.cpp in Sources */,
				8FFEDFA52E492C2D0019E581 /* Tetronimo.cpp in Sources */,
			);
			runOnlyForDeploymentPostprocessing = 0;
		};
/* End PBXSourcesBuildPhase section */

/* Begin XCBuildConfiguration section */
		8F1F34FE2E3673B50094FB14 /* Debug */ = {
			isa = XCBuildConfiguration;
			buildSettings = {
				ALWAYS_SEARCH_USER_PATHS = NO;
				ASSETCATALOG_COMPILER_GENERATE_SWIFT_ASSET_SYMBOL_EXTENSIONS = YES;
				CLANG_ANALYZER_NONNULL = YES;
				CLANG_ANALYZER_NUMBER_OBJECT_CONVERSION = YES_AGGRESSIVE;
				CLANG_CXX_LANGUAGE_STANDARD = "gnu++20";
				CLANG_ENABLE_MODULES = YES;
				CLANG_ENABLE_OBJC_ARC = YES;
				CLANG_ENABLE_OBJC_WEAK = YES;
				CLANG_WARN_BLOCK_CAPTURE_AUTORELEASING = YES;
				CLANG_WARN_BOOL_CONVERSION = YES;
				CLANG_WARN_COMMA = YES;
				CLANG_WARN_CONSTANT_CONVERSION = YES;
				CLANG_WARN_DEPRECATED_OBJC_IMPLEMENTATIONS = YES;
				CLANG_WARN_DIRECT_OBJC_ISA_USAGE = YES_ERROR;
				CLANG_WARN_DOCUMENTATION_COMMENTS = YES;
				CLANG_WARN_EMPTY_BODY = YES;
				CLANG_WARN_ENUM_CONVERSION = YES;
				CLANG_WARN_INFINITE_RECURSION = YES;
				CLANG_WARN_INT_CONVERSION = YES;
				CLANG_WARN_NON_LITERAL_NULL_CONVERSION = YES;
				CLANG_WARN_OBJC_IMPLICIT_RETAIN_SELF = YES;
				CLANG_WARN_OBJC_LITERAL_CONVERSION = YES;
				CLANG_WARN_OBJC_ROOT_CLASS = YES_ERROR;
				CLANG_WARN_QUOTED_INCLUDE_IN_FRAMEWORK_HEADER = YES;
				CLANG_WARN_RANGE_LOOP_ANALYSIS = YES;
				CLANG_WARN_STRICT_PROTOTYPES = YES;
				CLANG_WARN_SUSPICIOUS_MOVE = YES;
				CLANG_WARN_UNGUARDED_AVAILABILITY = YES_AGGRESSIVE;
				CLANG_WARN_UNREACHABLE_CODE = YES;
				CLANG_WARN__DUPLICATE_METHOD_MATCH = YES;
				COPY_PHASE_STRIP = NO;
				DEBUG_INFORMATION_FORMAT = dwarf;
				ENABLE_STRICT_OBJC_MSGSEND = YES;
				ENABLE_TESTABILITY = YES;
				ENABLE_USER_SCRIPT_SANDBOXING = YES;
				GCC_C_LANGUAGE_STANDARD = gnu17;
				GCC_DYNAMIC_NO_PIC = NO;
				GCC_NO_COMMON_BLOCKS = YES;
				GCC_OPTIMIZATION_LEVEL = 0;
				GCC_PREPROCESSOR_DEFINITIONS = (
					"DEBUG=1",
					"$(inherited)",
				);
				GCC_WARN_64_TO_32_BIT_CONVERSION = YES;
				GCC_WARN_ABOUT_RETURN_TYPE = YES_ERROR;
				GCC_WARN_UNDECLARED_SELECTOR = YES;
				GCC_WARN_UNINITIALIZED_AUTOS = YES_AGGRESSIVE;
				GCC_WARN_UNUSED_FUNCTION = YES;
				GCC_WARN_UNUSED_VARIABLE = YES;
				LOCALIZATION_PREFERS_STRING_CATALOGS = YES;
				MACOSX_DEPLOYMENT_TARGET = 14.2;
				MTL_ENABLE_DEBUG_INFO = INCLUDE_SOURCE;
				MTL_FAST_MATH = YES;
				ONLY_ACTIVE_ARCH = YES;
				SDKROOT = macosx;
			};
			name = Debug;
		};
		8F1F34FF2E3673B50094FB14 /* Release */ = {
			isa = XCBuildConfiguration;
			buildSettings = {
				ALWAYS_SEARCH_USER_PATHS = NO;
				ASSETCATALOG_COMPILER_GENERATE_SWIFT_ASSET_SYMBOL_EXTENSIONS = YES;
				CLANG_ANALYZER_NONNULL = YES;
				CLANG_ANALYZER_NUMBER_OBJECT_CONVERSION = YES_AGGRESSIVE;
				CLANG_CXX_LANGUAGE_STANDARD = "gnu++20";
				CLANG_ENABLE_MODULES = YES;
				CLANG_ENABLE_OBJC_ARC = YES;
				CLANG_ENABLE_OBJC_WEAK = YES;
				CLANG_WARN_BLOCK_CAPTURE_AUTORELEASING = YES;
				CLANG_WARN_BOOL_CONVERSION = YES;
				CLANG_WARN_COMMA = YES;
				CLANG_WARN_CONSTANT_CONVERSION = YES;
				CLANG_WARN_DEPRECATED_OBJC_IMPLEMENTATIONS = YES;
				CLANG_WARN_DIRECT_OBJC_ISA_USAGE = YES_ERROR;
				CLANG_WARN_DOCUMENTATION_COMMENTS = YES;
				CLANG_WARN_EMPTY_BODY = YES;
				CLANG_WARN_ENUM_CONVERSION = YES;
				CLANG_WARN_INFINITE_RECURSION = YES;
				CLANG_WARN_INT_CONVERSION = YES;
				CLANG_WARN_NON_LITERAL_NULL_CONVERSION = YES;
				CLANG_WARN_OBJC_IMPLICIT_RETAIN_SELF = YES;
				CLANG_WARN_OBJC_LITERAL_CONVERSION = YES;
				CLANG_WARN_OBJC_ROOT_CLASS = YES_ERROR;
				CLANG_WARN_QUOTED_INCLUDE_IN_FRAMEWORK_HEADER = YES;
				CLANG_WARN_RANGE_LOOP_ANALYSIS = YES;
				CLANG_WARN_STRICT_PROTOTYPES = YES;
				CLANG_WARN_SUSPICIOUS_MOVE = YES;
				CLANG_WARN_UNGUARDED_AVAILABILITY = YES_AGGRESSIVE;
				CLANG_WARN_UNREACHABLE_CODE = YES;
				CLANG_WARN__DUPLICATE_METHOD_MATCH = YES;
				COPY_PHASE_STRIP = NO;
				DEBUG_INFORMATION_FORMAT = "dwarf-with-dsym";
				ENABLE_NS_ASSERTIONS = NO;
				ENABLE_STRICT_OBJC_MSGSEND = YES;
				ENABLE_USER_SCRIPT_SANDBOXING = YES;
				GCC_C_LANGUAGE_STANDARD = gnu17;
				GCC_NO_COMMON_BLOCKS = YES;
				GCC_WARN_64_TO_32_BIT_CONVERSION = YES;
				GCC_WARN_ABOUT_RETURN_TYPE = YES_ERROR;
				GCC_WARN_UNDECLARED_SELECTOR = YES;
				GCC_WARN_UNINITIALIZED_AUTOS = YES_AGGRESSIVE;
				GCC_WARN_UNUSED_FUNCTION = YES;
				GCC_WARN_UNUSED_VARIABLE = YES;
				LOCALIZATION_PREFERS_STRING_CATALOGS = YES;
				MACOSX_DEPLOYMENT_TARGET = 14.2;
				MTL_ENABLE_DEBUG_INFO = NO;
				MTL_FAST_MATH = YES;
				SDKROOT = macosx;
			};
			name = Release;
		};
		8F1F35012E3673B50094FB14 /* Debug */ = {
			isa = XCBuildConfiguration;
			buildSettings = {
				ASSETCATALOG_COMPILER_APPICON_NAME = AppIcon;
				ASSETCATALOG_COMPILER_GLOBAL_ACCENT_COLOR_NAME = AccentColor;
				CODE_SIGN_ENTITLEMENTS = TetrisSDL/TetrisSDL.entitlements;
				CODE_SIGN_STYLE = Automatic;
				COMBINE_HIDPI_IMAGES = YES;
				CURRENT_PROJECT_VERSION = 1;
				FRAMEWORK_SEARCH_PATHS = (
					"$(inherited)",
					"$(LOCAL_LIBRARY_DIR)/Frameworks",
				);
				GENERATE_INFOPLIST_FILE = YES;
				INFOPLIST_KEY_NSHumanReadableCopyright = "";
				INFOPLIST_KEY_NSMainNibFile = MainMenu;
				INFOPLIST_KEY_NSPrincipalClass = NSApplication;
				LD_RUNPATH_SEARCH_PATHS = (
					"$(inherited)",
					"@executable_path/../Frameworks",
				);
				MARKETING_VERSION = 1.0;
				PRODUCT_BUNDLE_IDENTIFIER = taiago.TetrisSDL;
				PRODUCT_NAME = "$(TARGET_NAME)";
				SWIFT_EMIT_LOC_STRINGS = YES;
			};
			name = Debug;
		};
		8F1F35022E3673B50094FB14 /* Release */ = {
			isa = XCBuildConfiguration;
			buildSettings = {
				ASSETCATALOG_COMPILER_APPICON_NAME = AppIcon;
				ASSETCATALOG_COMPILER_GLOBAL_ACCENT_COLOR_NAME = AccentColor;
				CODE_SIGN_ENTITLEMENTS = TetrisSDL/TetrisSDL.entitlements;
				CODE_SIGN_STYLE = Automatic;
				COMBINE_HIDPI_IMAGES = YES;
				CURRENT_PROJECT_VERSION = 1;
				FRAMEWORK_SEARCH_PATHS = (
					"$(inherited)",
					"$(LOCAL_LIBRARY_DIR)/Frameworks",
				);
				GENERATE_INFOPLIST_FILE = YES;
				INFOPLIST_KEY_NSHumanReadableCopyright = "";
				INFOPLIST_KEY_NSMainNibFile = MainMenu;
				INFOPLIST_KEY_NSPrincipalClass = NSApplication;
				LD_RUNPATH_SEARCH_PATHS = (
					"$(inherited)",
					"@executable_path/../Frameworks",
				);
				MARKETING_VERSION = 1.0;
				PRODUCT_BUNDLE_IDENTIFIER = taiago.TetrisSDL;
				PRODUCT_NAME = "$(TARGET_NAME)";
				SWIFT_EMIT_LOC_STRINGS = YES;
			};
			name = Release;
		};
/* End XCBuildConfiguration section */

/* Begin XCConfigurationList section */
		8F1F34EB2E3673B40094FB14 /* Build configuration list for PBXProject "TetrisSDL" */ = {
			isa = XCConfigurationList;
			buildConfigurations = (
				8F1F34FE2E3673B50094FB14 /* Debug */,
				8F1F34FF2E3673B50094FB14 /* Release */,
			);
			defaultConfigurationIsVisible = 0;
			defaultConfigurationName = Release;
		};
		8F1F35002E3673B50094FB14 /* Build configuration list for PBXNativeTarget "TetrisSDL" */ = {
			isa = XCConfigurationList;
			buildConfigurations = (
				8F1F35012E3673B50094FB14 /* Debug */,
				8F1F35022E3673B50094FB14 /* Release */,
			);
			defaultConfigurationIsVisible = 0;
			defaultConfigurationName = Release;
		};
/* End XCConfigurationList section */
	};
	rootObject = 8F1F34E82E3673B40094FB14 /* Project object */;
}
